
Microsoft Visual Studio Solution File, Format Version 12.00
# Visual Studio Version 16
VisualStudioVersion = 16.0.30711.63
MinimumVisualStudioVersion = 10.0.40219.1
Project("{FAE04EC0-301F-11D3-BF4B-00C04F79EFBC}") = "AdventOfCode", "AdventOfCode\AdventOfCode.csproj", "{D4ECE18A-FCA6-45F0-A26C-3665E95B694B}"
EndProject
Global
	GlobalSection(SolutionConfigurationPlatforms) = preSolution
		Debug|Any CPU = Debug|Any CPU
		Release|Any CPU = Release|Any CPU
	EndGlobalSection
	GlobalSection(ProjectConfigurationPlatforms) = postSolution
		{D4ECE18A-FCA6-45F0-A26C-3665E95B694B}.Debug|Any CPU.ActiveCfg = Debug|Any CPU
		{D4ECE18A-FCA6-45F0-A26C-3665E95B694B}.Debug|Any CPU.Build.0 = Debug|Any CPU
		{D4ECE18A-FCA6-45F0-A26C-3665E95B694B}.Release|Any CPU.ActiveCfg = Release|Any CPU
		{D4ECE18A-FCA6-45F0-A26C-3665E95B694B}.Release|Any CPU.Build.0 = Release|Any CPU
	EndGlobalSection
	GlobalSection(SolutionProperties) = preSolution
		HideSolutionNode = FALSE
	EndGlobalSection
	GlobalSection(ExtensibilityGlobals) = postSolution
		SolutionGuid = {C63B9CF0-D516-46E0-BF10-563673DFCB54}
	EndGlobalSection
EndGlobal
